// !$*UTF8*$!
{
	archiveVersion = 1;
	classes = {
	};
	objectVersion = 50;
	objects = {

/* Begin PBXBuildFile section */
		92131D5F234ADB070080194B /* Concentration.swift in Sources */ = {isa = PBXBuildFile; fileRef = 92131D5E234ADB070080194B /* Concentration.swift */; };
		92131D61234ADBD60080194B /* Card.swift in Sources */ = {isa = PBXBuildFile; fileRef = 92131D60234ADBD60080194B /* Card.swift */; };
		92F4DE732349527500A6A67E /* AppDelegate.swift in Sources */ = {isa = PBXBuildFile; fileRef = 92F4DE722349527500A6A67E /* AppDelegate.swift */; };
		92F4DE752349527500A6A67E /* SceneDelegate.swift in Sources */ = {isa = PBXBuildFile; fileRef = 92F4DE742349527500A6A67E /* SceneDelegate.swift */; };
		92F4DE772349527500A6A67E /* ViewController.swift in Sources */ = {isa = PBXBuildFile; fileRef = 92F4DE762349527500A6A67E /* ViewController.swift */; };
		92F4DE7A2349527500A6A67E /* Main.storyboard in Resources */ = {isa = PBXBuildFile; fileRef = 92F4DE782349527500A6A67E /* Main.storyboard */; };
		92F4DE7C2349527700A6A67E /* Assets.xcassets in Resources */ = {isa = PBXBuildFile; fileRef = 92F4DE7B2349527700A6A67E /* Assets.xcassets */; };
		92F4DE7F2349527700A6A67E /* LaunchScreen.storyboard in Resources */ = {isa = PBXBuildFile; fileRef = 92F4DE7D2349527700A6A67E /* LaunchScreen.storyboard */; };
		92F4DE8A2349527700A6A67E /* ConcentrationTests.swift in Sources */ = {isa = PBXBuildFile; fileRef = 92F4DE892349527700A6A67E /* ConcentrationTests.swift */; };
		92F4DE952349527700A6A67E /* ConcentrationUITests.swift in Sources */ = {isa = PBXBuildFile; fileRef = 92F4DE942349527700A6A67E /* ConcentrationUITests.swift */; };
/* End PBXBuildFile section */

/* Begin PBXContainerItemProxy section */
		92F4DE862349527700A6A67E /* PBXContainerItemProxy */ = {
			isa = PBXContainerItemProxy;
			containerPortal = 92F4DE672349527500A6A67E /* Project object */;
			proxyType = 1;
			remoteGlobalIDString = 92F4DE6E2349527500A6A67E;
			remoteInfo = Concentration;
		};
		92F4DE912349527700A6A67E /* PBXContainerItemProxy */ = {
			isa = PBXContainerItemProxy;
			containerPortal = 92F4DE672349527500A6A67E /* Project object */;
			proxyType = 1;
			remoteGlobalIDString = 92F4DE6E2349527500A6A67E;
			remoteInfo = Concentration;
		};
/* End PBXContainerItemProxy section */

/* Begin PBXFileReference section */
		92131D5E234ADB070080194B /* Concentration.swift */ = {isa = PBXFileReference; lastKnownFileType = sourcecode.swift; path = Concentration.swift; sourceTree = "<group>"; };
		92131D60234ADBD60080194B /* Card.swift */ = {isa = PBXFileReference; lastKnownFileType = sourcecode.swift; path = Card.swift; sourceTree = "<group>"; };
		92F4DE6F2349527500A6A67E /* Concentration.app */ = {isa = PBXFileReference; explicitFileType = wrapper.application; includeInIndex = 0; path = Concentration.app; sourceTree = BUILT_PRODUCTS_DIR; };
		92F4DE722349527500A6A67E /* AppDelegate.swift */ = {isa = PBXFileReference; lastKnownFileType = sourcecode.swift; path = AppDelegate.swift; sourceTree = "<group>"; };
		92F4DE742349527500A6A67E /* SceneDelegate.swift */ = {isa = PBXFileReference; lastKnownFileType = sourcecode.swift; path = SceneDelegate.swift; sourceTree = "<group>"; };
		92F4DE762349527500A6A67E /* ViewController.swift */ = {isa = PBXFileReference; lastKnownFileType = sourcecode.swift; path = ViewController.swift; sourceTree = "<group>"; };
		92F4DE792349527500A6A67E /* Base */ = {isa = PBXFileReference; lastKnownFileType = file.storyboard; name = Base; path = Base.lproj/Main.storyboard; sourceTree = "<group>"; };
		92F4DE7B2349527700A6A67E /* Assets.xcassets */ = {isa = PBXFileReference; lastKnownFileType = folder.assetcatalog; path = Assets.xcassets; sourceTree = "<group>"; };
		92F4DE7E2349527700A6A67E /* Base */ = {isa = PBXFileReference; lastKnownFileType = file.storyboard; name = Base; path = Base.lproj/LaunchScreen.storyboard; sourceTree = "<group>"; };
		92F4DE802349527700A6A67E /* Info.plist */ = {isa = PBXFileReference; lastKnownFileType = text.plist.xml; path = Info.plist; sourceTree = "<group>"; };
		92F4DE852349527700A6A67E /* ConcentrationTests.xctest */ = {isa = PBXFileReference; explicitFileType = wrapper.cfbundle; includeInIndex = 0; path = ConcentrationTests.xctest; sourceTree = BUILT_PRODUCTS_DIR; };
		92F4DE892349527700A6A67E /* ConcentrationTests.swift */ = {isa = PBXFileReference; lastKnownFileType = sourcecode.swift; path = ConcentrationTests.swift; sourceTree = "<group>"; };
		92F4DE8B2349527700A6A67E /* Info.plist */ = {isa = PBXFileReference; lastKnownFileType = text.plist.xml; path = Info.plist; sourceTree = "<group>"; };
		92F4DE902349527700A6A67E /* ConcentrationUITests.xctest */ = {isa = PBXFileReference; explicitFileType = wrapper.cfbundle; includeInIndex = 0; path = ConcentrationUITests.xctest; sourceTree = BUILT_PRODUCTS_DIR; };
		92F4DE942349527700A6A67E /* ConcentrationUITests.swift */ = {isa = PBXFileReference; lastKnownFileType = sourcecode.swift; path = ConcentrationUITests.swift; sourceTree = "<group>"; };
		92F4DE962349527700A6A67E /* Info.plist */ = {isa = PBXFileReference; lastKnownFileType = text.plist.xml; path = Info.plist; sourceTree = "<group>"; };
/* End PBXFileReference section */

/* Begin PBXFrameworksBuildPhase section */
		92F4DE6C2349527500A6A67E /* Frameworks */ = {
			isa = PBXFrameworksBuildPhase;
			buildActionMask = 2147483647;
			files = (
			);
			runOnlyForDeploymentPostprocessing = 0;
		};
		92F4DE822349527700A6A67E /* Frameworks */ = {
			isa = PBXFrameworksBuildPhase;
			buildActionMask = 2147483647;
			files = (
			);
			runOnlyForDeploymentPostprocessing = 0;
		};
		92F4DE8D2349527700A6A67E /* Frameworks */ = {
			isa = PBXFrameworksBuildPhase;
			buildActionMask = 2147483647;
			files = (
			);
			runOnlyForDeploymentPostprocessing = 0;
		};
/* End PBXFrameworksBuildPhase section */

/* Begin PBXGroup section */
		92F4DE662349527500A6A67E = {
			isa = PBXGroup;
			children = (
				92F4DE712349527500A6A67E /* Concentration */,
				92F4DE882349527700A6A67E /* ConcentrationTests */,
				92F4DE932349527700A6A67E /* ConcentrationUITests */,
				92F4DE702349527500A6A67E /* Products */,
			);
			sourceTree = "<group>";
		};
		92F4DE702349527500A6A67E /* Products */ = {
			isa = PBXGroup;
			children = (
				92F4DE6F2349527500A6A67E /* Concentration.app */,
				92F4DE852349527700A6A67E /* ConcentrationTests.xctest */,
				92F4DE902349527700A6A67E /* ConcentrationUITests.xctest */,
			);
			name = Products;
			sourceTree = "<group>";
		};
		92F4DE712349527500A6A67E /* Concentration */ = {
			isa = PBXGroup;
			children = (
				92F4DEA2234952E500A6A67E /* Support */,
				92F4DE762349527500A6A67E /* ViewController.swift */,
				92F4DE782349527500A6A67E /* Main.storyboard */,
				92131D5E234ADB070080194B /* Concentration.swift */,
				92131D60234ADBD60080194B /* Card.swift */,
				92F4DE7D2349527700A6A67E /* LaunchScreen.storyboard */,
				92F4DE802349527700A6A67E /* Info.plist */,
			);
			path = Concentration;
			sourceTree = "<group>";
		};
		92F4DE882349527700A6A67E /* ConcentrationTests */ = {
			isa = PBXGroup;
			children = (
				92F4DE892349527700A6A67E /* ConcentrationTests.swift */,
				92F4DE8B2349527700A6A67E /* Info.plist */,
			);
			path = ConcentrationTests;
			sourceTree = "<group>";
		};
		92F4DE932349527700A6A67E /* ConcentrationUITests */ = {
			isa = PBXGroup;
			children = (
				92F4DE942349527700A6A67E /* ConcentrationUITests.swift */,
				92F4DE962349527700A6A67E /* Info.plist */,
			);
			path = ConcentrationUITests;
			sourceTree = "<group>";
		};
		92F4DEA2234952E500A6A67E /* Support */ = {
			isa = PBXGroup;
			children = (
				92F4DE722349527500A6A67E /* AppDelegate.swift */,
				92F4DE742349527500A6A67E /* SceneDelegate.swift */,
				92F4DE7B2349527700A6A67E /* Assets.xcassets */,
			);
			path = Support;
			sourceTree = "<group>";
		};
/* End PBXGroup section */

/* Begin PBXNativeTarget section */
		92F4DE6E2349527500A6A67E /* Concentration */ = {
			isa = PBXNativeTarget;
			buildConfigurationList = 92F4DE992349527700A6A67E /* Build configuration list for PBXNativeTarget "Concentration" */;
			buildPhases = (
				92F4DE6B2349527500A6A67E /* Sources */,
				92F4DE6C2349527500A6A67E /* Frameworks */,
				92F4DE6D2349527500A6A67E /* Resources */,
			);
			buildRules = (
			);
			dependencies = (
			);
			name = Concentration;
			productName = Concentration;
			productReference = 92F4DE6F2349527500A6A67E /* Concentration.app */;
			productType = "com.apple.product-type.application";
		};
		92F4DE842349527700A6A67E /* ConcentrationTests */ = {
			isa = PBXNativeTarget;
			buildConfigurationList = 92F4DE9C2349527700A6A67E /* Build configuration list for PBXNativeTarget "ConcentrationTests" */;
			buildPhases = (
				92F4DE812349527700A6A67E /* Sources */,
				92F4DE822349527700A6A67E /* Frameworks */,
				92F4DE832349527700A6A67E /* Resources */,
			);
			buildRules = (
			);
			dependencies = (
				92F4DE872349527700A6A67E /* PBXTargetDependency */,
			);
			name = ConcentrationTests;
			productName = ConcentrationTests;
			productReference = 92F4DE852349527700A6A67E /* ConcentrationTests.xctest */;
			productType = "com.apple.product-type.bundle.unit-test";
		};
		92F4DE8F2349527700A6A67E /* ConcentrationUITests */ = {
			isa = PBXNativeTarget;
			buildConfigurationList = 92F4DE9F2349527700A6A67E /* Build configuration list for PBXNativeTarget "ConcentrationUITests" */;
			buildPhases = (
				92F4DE8C2349527700A6A67E /* Sources */,
				92F4DE8D2349527700A6A67E /* Frameworks */,
				92F4DE8E2349527700A6A67E /* Resources */,
			);
			buildRules = (
			);
			dependencies = (
				92F4DE922349527700A6A67E /* PBXTargetDependency */,
			);
			name = ConcentrationUITests;
			productName = ConcentrationUITests;
			productReference = 92F4DE902349527700A6A67E /* ConcentrationUITests.xctest */;
			productType = "com.apple.product-type.bundle.ui-testing";
		};
/* End PBXNativeTarget section */

/* Begin PBXProject section */
		92F4DE672349527500A6A67E /* Project object */ = {
			isa = PBXProject;
			attributes = {
				LastSwiftUpdateCheck = 1100;
				LastUpgradeCheck = 1100;
				ORGANIZATIONNAME = Orange;
				TargetAttributes = {
					92F4DE6E2349527500A6A67E = {
						CreatedOnToolsVersion = 11.0;
					};
					92F4DE842349527700A6A67E = {
						CreatedOnToolsVersion = 11.0;
						TestTargetID = 92F4DE6E2349527500A6A67E;
					};
					92F4DE8F2349527700A6A67E = {
						CreatedOnToolsVersion = 11.0;
						TestTargetID = 92F4DE6E2349527500A6A67E;
					};
				};
			};
			buildConfigurationList = 92F4DE6A2349527500A6A67E /* Build configuration list for PBXProject "Concentration" */;
			compatibilityVersion = "Xcode 9.3";
			developmentRegion = en;
			hasScannedForEncodings = 0;
			knownRegions = (
				en,
				Base,
			);
			mainGroup = 92F4DE662349527500A6A67E;
			productRefGroup = 92F4DE702349527500A6A67E /* Products */;
			projectDirPath = "";
			projectRoot = "";
			targets = (
				92F4DE6E2349527500A6A67E /* Concentration */,
				92F4DE842349527700A6A67E /* ConcentrationTests */,
				92F4DE8F2349527700A6A67E /* ConcentrationUITests */,
			);
		};
/* End PBXProject section */

/* Begin PBXResourcesBuildPhase section */
		92F4DE6D2349527500A6A67E /* Resources */ = {
			isa = PBXResourcesBuildPhase;
			buildActionMask = 2147483647;
			files = (
				92F4DE7F2349527700A6A67E /* LaunchScreen.storyboard in Resources */,
				92F4DE7C2349527700A6A67E /* Assets.xcassets in Resources */,
				92F4DE7A2349527500A6A67E /* Main.storyboard in Resources */,
			);
			runOnlyForDeploymentPostprocessing = 0;
		};
		92F4DE832349527700A6A67E /* Resources */ = {
			isa = PBXResourcesBuildPhase;
			buildActionMask = 2147483647;
			files = (
			);
			runOnlyForDeploymentPostprocessing = 0;
		};
		92F4DE8E2349527700A6A67E /* Resources */ = {
			isa = PBXResourcesBuildPhase;
			buildActionMask = 2147483647;
			files = (
			);
			runOnlyForDeploymentPostprocessing = 0;
		};
/* End PBXResourcesBuildPhase section */

/* Begin PBXSourcesBuildPhase section */
		92F4DE6B2349527500A6A67E /* Sources */ = {
			isa = PBXSourcesBuildPhase;
			buildActionMask = 2147483647;
			files = (
				92F4DE772349527500A6A67E /* ViewController.swift in Sources */,
				92131D5F234ADB070080194B /* Concentration.swift in Sources */,
				92131D61234ADBD60080194B /* Card.swift in Sources */,
				92F4DE732349527500A6A67E /* AppDelegate.swift in Sources */,
				92F4DE752349527500A6A67E /* SceneDelegate.swift in Sources */,
			);
			runOnlyForDeploymentPostprocessing = 0;
		};
		92F4DE812349527700A6A67E /* Sources */ = {
			isa = PBXSourcesBuildPhase;
			buildActionMask = 2147483647;
			files = (
				92F4DE8A2349527700A6A67E /* ConcentrationTests.swift in Sources */,
			);
			runOnlyForDeploymentPostprocessing = 0;
		};
		92F4DE8C2349527700A6A67E /* Sources */ = {
			isa = PBXSourcesBuildPhase;
			buildActionMask = 2147483647;
			files = (
				92F4DE952349527700A6A67E /* ConcentrationUITests.swift in Sources */,
			);
			runOnlyForDeploymentPostprocessing = 0;
		};
/* End PBXSourcesBuildPhase section */

/* Begin PBXTargetDependency section */
		92F4DE872349527700A6A67E /* PBXTargetDependency */ = {
			isa = PBXTargetDependency;
			target = 92F4DE6E2349527500A6A67E /* Concentration */;
			targetProxy = 92F4DE862349527700A6A67E /* PBXContainerItemProxy */;
		};
		92F4DE922349527700A6A67E /* PBXTargetDependency */ = {
			isa = PBXTargetDependency;
			target = 92F4DE6E2349527500A6A67E /* Concentration */;
			targetProxy = 92F4DE912349527700A6A67E /* PBXContainerItemProxy */;
		};
/* End PBXTargetDependency section */

/* Begin PBXVariantGroup section */
		92F4DE782349527500A6A67E /* Main.storyboard */ = {
			isa = PBXVariantGroup;
			children = (
				92F4DE792349527500A6A67E /* Base */,
			);
			name = Main.storyboard;
			sourceTree = "<group>";
		};
		92F4DE7D2349527700A6A67E /* LaunchScreen.storyboard */ = {
			isa = PBXVariantGroup;
			children = (
				92F4DE7E2349527700A6A67E /* Base */,
			);
			name = LaunchScreen.storyboard;
			sourceTree = "<group>";
		};
/* End PBXVariantGroup section */

/* Begin XCBuildConfiguration section */
		92F4DE972349527700A6A67E /* Debug */ = {
			isa = XCBuildConfiguration;
			buildSettings = {
				ALWAYS_SEARCH_USER_PATHS = NO;
				CLANG_ANALYZER_NONNULL = YES;
				CLANG_ANALYZER_NUMBER_OBJECT_CONVERSION = YES_AGGRESSIVE;
				CLANG_CXX_LANGUAGE_STANDARD = "gnu++14";
				CLANG_CXX_LIBRARY = "libc++";
				CLANG_ENABLE_MODULES = YES;
				CLANG_ENABLE_OBJC_ARC = YES;
				CLANG_ENABLE_OBJC_WEAK = YES;
				CLANG_WARN_BLOCK_CAPTURE_AUTORELEASING = YES;
				CLANG_WARN_BOOL_CONVERSION = YES;
				CLANG_WARN_COMMA = YES;
				CLANG_WARN_CONSTANT_CONVERSION = YES;
				CLANG_WARN_DEPRECATED_OBJC_IMPLEMENTATIONS = YES;
				CLANG_WARN_DIRECT_OBJC_ISA_USAGE = YES_ERROR;
				CLANG_WARN_DOCUMENTATION_COMMENTS = YES;
				CLANG_WARN_EMPTY_BODY = YES;
				CLANG_WARN_ENUM_CONVERSION = YES;
				CLANG_WARN_INFINITE_RECURSION = YES;
				CLANG_WARN_INT_CONVERSION = YES;
				CLANG_WARN_NON_LITERAL_NULL_CONVERSION = YES;
				CLANG_WARN_OBJC_IMPLICIT_RETAIN_SELF = YES;
				CLANG_WARN_OBJC_LITERAL_CONVERSION = YES;
				CLANG_WARN_OBJC_ROOT_CLASS = YES_ERROR;
				CLANG_WARN_RANGE_LOOP_ANALYSIS = YES;
				CLANG_WARN_STRICT_PROTOTYPES = YES;
				CLANG_WARN_SUSPICIOUS_MOVE = YES;
				CLANG_WARN_UNGUARDED_AVAILABILITY = YES_AGGRESSIVE;
				CLANG_WARN_UNREACHABLE_CODE = YES;
				CLANG_WARN__DUPLICATE_METHOD_MATCH = YES;
				COPY_PHASE_STRIP = NO;
				DEBUG_INFORMATION_FORMAT = dwarf;
				ENABLE_STRICT_OBJC_MSGSEND = YES;
				ENABLE_TESTABILITY = YES;
				GCC_C_LANGUAGE_STANDARD = gnu11;
				GCC_DYNAMIC_NO_PIC = NO;
				GCC_NO_COMMON_BLOCKS = YES;
				GCC_OPTIMIZATION_LEVEL = 0;
				GCC_PREPROCESSOR_DEFINITIONS = (
					"DEBUG=1",
					"$(inherited)",
				);
				GCC_WARN_64_TO_32_BIT_CONVERSION = YES;
				GCC_WARN_ABOUT_RETURN_TYPE = YES_ERROR;
				GCC_WARN_UNDECLARED_SELECTOR = YES;
				GCC_WARN_UNINITIALIZED_AUTOS = YES_AGGRESSIVE;
				GCC_WARN_UNUSED_FUNCTION = YES;
				GCC_WARN_UNUSED_VARIABLE = YES;
				IPHONEOS_DEPLOYMENT_TARGET = 13.0;
				MTL_ENABLE_DEBUG_INFO = INCLUDE_SOURCE;
				MTL_FAST_MATH = YES;
				ONLY_ACTIVE_ARCH = YES;
				SDKROOT = iphoneos;
				SWIFT_ACTIVE_COMPILATION_CONDITIONS = DEBUG;
				SWIFT_OPTIMIZATION_LEVEL = "-Onone";
			};
			name = Debug;
		};
		92F4DE982349527700A6A67E /* Release */ = {
			isa = XCBuildConfiguration;
			buildSettings = {
				ALWAYS_SEARCH_USER_PATHS = NO;
				CLANG_ANALYZER_NONNULL = YES;
				CLANG_ANALYZER_NUMBER_OBJECT_CONVERSION = YES_AGGRESSIVE;
				CLANG_CXX_LANGUAGE_STANDARD = "gnu++14";
				CLANG_CXX_LIBRARY = "libc++";
				CLANG_ENABLE_MODULES = YES;
				CLANG_ENABLE_OBJC_ARC = YES;
				CLANG_ENABLE_OBJC_WEAK = YES;
				CLANG_WARN_BLOCK_CAPTURE_AUTORELEASING = YES;
				CLANG_WARN_BOOL_CONVERSION = YES;
				CLANG_WARN_COMMA = YES;
				CLANG_WARN_CONSTANT_CONVERSION = YES;
				CLANG_WARN_DEPRECATED_OBJC_IMPLEMENTATIONS = YES;
				CLANG_WARN_DIRECT_OBJC_ISA_USAGE = YES_ERROR;
				CLANG_WARN_DOCUMENTATION_COMMENTS = YES;
				CLANG_WARN_EMPTY_BODY = YES;
				CLANG_WARN_ENUM_CONVERSION = YES;
				CLANG_WARN_INFINITE_RECURSION = YES;
				CLANG_WARN_INT_CONVERSION = YES;
				CLANG_WARN_NON_LITERAL_NULL_CONVERSION = YES;
				CLANG_WARN_OBJC_IMPLICIT_RETAIN_SELF = YES;
				CLANG_WARN_OBJC_LITERAL_CONVERSION = YES;
				CLANG_WARN_OBJC_ROOT_CLASS = YES_ERROR;
				CLANG_WARN_RANGE_LOOP_ANALYSIS = YES;
				CLANG_WARN_STRICT_PROTOTYPES = YES;
				CLANG_WARN_SUSPICIOUS_MOVE = YES;
				CLANG_WARN_UNGUARDED_AVAILABILITY = YES_AGGRESSIVE;
				CLANG_WARN_UNREACHABLE_CODE = YES;
				CLANG_WARN__DUPLICATE_METHOD_MATCH = YES;
				COPY_PHASE_STRIP = NO;
				DEBUG_INFORMATION_FORMAT = "dwarf-with-dsym";
				ENABLE_NS_ASSERTIONS = NO;
				ENABLE_STRICT_OBJC_MSGSEND = YES;
				GCC_C_LANGUAGE_STANDARD = gnu11;
				GCC_NO_COMMON_BLOCKS = YES;
				GCC_WARN_64_TO_32_BIT_CONVERSION = YES;
				GCC_WARN_ABOUT_RETURN_TYPE = YES_ERROR;
				GCC_WARN_UNDECLARED_SELECTOR = YES;
				GCC_WARN_UNINITIALIZED_AUTOS = YES_AGGRESSIVE;
				GCC_WARN_UNUSED_FUNCTION = YES;
				GCC_WARN_UNUSED_VARIABLE = YES;
				IPHONEOS_DEPLOYMENT_TARGET = 13.0;
				MTL_ENABLE_DEBUG_INFO = NO;
				MTL_FAST_MATH = YES;
				SDKROOT = iphoneos;
				SWIFT_COMPILATION_MODE = wholemodule;
				SWIFT_OPTIMIZATION_LEVEL = "-O";
				VALIDATE_PRODUCT = YES;
			};
			name = Release;
		};
		92F4DE9A2349527700A6A67E /* Debug */ = {
			isa = XCBuildConfiguration;
			buildSettings = {
				ASSETCATALOG_COMPILER_APPICON_NAME = AppIcon;
				CODE_SIGN_STYLE = Automatic;
				DEVELOPMENT_TEAM = 2PU5LWFYDX;
				INFOPLIST_FILE = Concentration/Info.plist;
				LD_RUNPATH_SEARCH_PATHS = (
					"$(inherited)",
					"@executable_path/Frameworks",
				);
				PRODUCT_BUNDLE_IDENTIFIER = Burgundine.Concentration;
				PRODUCT_NAME = "$(TARGET_NAME)";
				SWIFT_VERSION = 5.0;
				TARGETED_DEVICE_FAMILY = "1,2";
			};
			name = Debug;
		};
		92F4DE9B2349527700A6A67E /* Release */ = {
			isa = XCBuildConfiguration;
			buildSettings = {
				ASSETCATALOG_COMPILER_APPICON_NAME = AppIcon;
				CODE_SIGN_STYLE = Automatic;
				DEVELOPMENT_TEAM = 2PU5LWFYDX;
				INFOPLIST_FILE = Concentration/Info.plist;
				LD_RUNPATH_SEARCH_PATHS = (
					"$(inherited)",
					"@executable_path/Frameworks",
				);
				PRODUCT_BUNDLE_IDENTIFIER = Burgundine.Concentration;
				PRODUCT_NAME = "$(TARGET_NAME)";
				SWIFT_VERSION = 5.0;
				TARGETED_DEVICE_FAMILY = "1,2";
			};
			name = Release;
		};
		92F4DE9D2349527700A6A67E /* Debug */ = {
			isa = XCBuildConfiguration;
			buildSettings = {
				ALWAYS_EMBED_SWIFT_STANDARD_LIBRARIES = YES;
				BUNDLE_LOADER = "$(TEST_HOST)";
				CODE_SIGN_STYLE = Automatic;
				DEVELOPMENT_TEAM = 2PU5LWFYDX;
				INFOPLIST_FILE = ConcentrationTests/Info.plist;
				IPHONEOS_DEPLOYMENT_TARGET = 13.0;
				LD_RUNPATH_SEARCH_PATHS = (
					"$(inherited)",
					"@executable_path/Frameworks",
					"@loader_path/Frameworks",
				);
				PRODUCT_BUNDLE_IDENTIFIER = Burgundine.ConcentrationTests;
				PRODUCT_NAME = "$(TARGET_NAME)";
				SWIFT_VERSION = 5.0;
				TARGETED_DEVICE_FAMILY = "1,2";
				TEST_HOST = "$(BUILT_PRODUCTS_DIR)/Concentration.app/Concentration";
			};
			name = Debug;
		};
		92F4DE9E2349527700A6A67E /* Release */ = {
			isa = XCBuildConfiguration;
			buildSettings = {
				ALWAYS_EMBED_SWIFT_STANDARD_LIBRARIES = YES;
				BUNDLE_LOADER = "$(TEST_HOST)";
				CODE_SIGN_STYLE = Automatic;
				DEVELOPMENT_TEAM = 2PU5LWFYDX;
				INFOPLIST_FILE = ConcentrationTests/Info.plist;
				IPHONEOS_DEPLOYMENT_TARGET = 13.0;
				LD_RUNPATH_SEARCH_PATHS = (
					"$(inherited)",
					"@executable_path/Frameworks",
					"@loader_path/Frameworks",
				);
				PRODUCT_BUNDLE_IDENTIFIER = Burgundine.ConcentrationTests;
				PRODUCT_NAME = "$(TARGET_NAME)";
				SWIFT_VERSION = 5.0;
				TARGETED_DEVICE_FAMILY = "1,2";
				TEST_HOST = "$(BUILT_PRODUCTS_DIR)/Concentration.app/Concentration";
			};
			name = Release;
		};
		92F4DEA02349527700A6A67E /* Debug */ = {
			isa = XCBuildConfiguration;
			buildSettings = {
				ALWAYS_EMBED_SWIFT_STANDARD_LIBRARIES = YES;
				CODE_SIGN_STYLE = Automatic;
				DEVELOPMENT_TEAM = 2PU5LWFYDX;
				INFOPLIST_FILE = ConcentrationUITests/Info.plist;
				LD_RUNPATH_SEARCH_PATHS = (
					"$(inherited)",
					"@executable_path/Frameworks",
					"@loader_path/Frameworks",
				);
				PRODUCT_BUNDLE_IDENTIFIER = Burgundine.ConcentrationUITests;
				PRODUCT_NAME = "$(TARGET_NAME)";
				SWIFT_VERSION = 5.0;
				TARGETED_DEVICE_FAMILY = "1,2";
				TEST_TARGET_NAME = Concentration;
			};
			name = Debug;
		};
		92F4DEA12349527700A6A67E /* Release */ = {
			isa = XCBuildConfiguration;
			buildSettings = {
				ALWAYS_EMBED_SWIFT_STANDARD_LIBRARIES = YES;
				CODE_SIGN_STYLE = Automatic;
				DEVELOPMENT_TEAM = 2PU5LWFYDX;
				INFOPLIST_FILE = ConcentrationUITests/Info.plist;
				LD_RUNPATH_SEARCH_PATHS = (
					"$(inherited)",
					"@executable_path/Frameworks",
					"@loader_path/Frameworks",
				);
				PRODUCT_BUNDLE_IDENTIFIER = Burgundine.ConcentrationUITests;
				PRODUCT_NAME = "$(TARGET_NAME)";
				SWIFT_VERSION = 5.0;
				TARGETED_DEVICE_FAMILY = "1,2";
				TEST_TARGET_NAME = Concentration;
			};
			name = Release;
		};
/* End XCBuildConfiguration section */

/* Begin XCConfigurationList section */
		92F4DE6A2349527500A6A67E /* Build configuration list for PBXProject "Concentration" */ = {
			isa = XCConfigurationList;
			buildConfigurations = (
				92F4DE972349527700A6A67E /* Debug */,
				92F4DE982349527700A6A67E /* Release */,
			);
			defaultConfigurationIsVisible = 0;
			defaultConfigurationName = Release;
		};
		92F4DE992349527700A6A67E /* Build configuration list for PBXNativeTarget "Concentration" */ = {
			isa = XCConfigurationList;
			buildConfigurations = (
				92F4DE9A2349527700A6A67E /* Debug */,
				92F4DE9B2349527700A6A67E /* Release */,
			);
			defaultConfigurationIsVisible = 0;
			defaultConfigurationName = Release;
		};
		92F4DE9C2349527700A6A67E /* Build configuration list for PBXNativeTarget "ConcentrationTests" */ = {
			isa = XCConfigurationList;
			buildConfigurations = (
				92F4DE9D2349527700A6A67E /* Debug */,
				92F4DE9E2349527700A6A67E /* Release */,
			);
			defaultConfigurationIsVisible = 0;
			defaultConfigurationName = Release;
		};
		92F4DE9F2349527700A6A67E /* Build configuration list for PBXNativeTarget "ConcentrationUITests" */ = {
			isa = XCConfigurationList;
			buildConfigurations = (
				92F4DEA02349527700A6A67E /* Debug */,
				92F4DEA12349527700A6A67E /* Release */,
			);
			defaultConfigurationIsVisible = 0;
			defaultConfigurationName = Release;
		};
/* End XCConfigurationList section */
	};
	rootObject = 92F4DE672349527500A6A67E /* Project object */;
}
